#MicroXplorer Configuration settings - do not modify
ETH.IPParameters=MediaInterface
ETH.MediaInterface=HAL_ETH_RMII_MODE
File.Version=6
GPIO.groupedBy=
KeepUserPlacement=false
Mcu.Family=STM32H7
Mcu.IP0=CORTEX_M7
Mcu.IP1=DEBUG
Mcu.IP10=SYS
Mcu.IP11=USB_OTG_HS
Mcu.IP2=ETH
Mcu.IP3=FDCAN1
Mcu.IP4=FDCAN3
Mcu.IP5=NVIC
Mcu.IP6=OCTOSPI1
Mcu.IP7=OCTOSPI2
Mcu.IP8=RCC
Mcu.IP9=SDMMC1
Mcu.IPNb=12
Mcu.Name=STM32H735ZGTx
Mcu.Package=LQFP144
Mcu.Pin0=PE2
Mcu.Pin1=PC14-OSC32_IN
Mcu.Pin10=PC2_C
Mcu.Pin11=PC3_C
Mcu.Pin12=PA1
Mcu.Pin13=PA2
Mcu.Pin14=PA3
Mcu.Pin15=PA5
Mcu.Pin16=PA6
Mcu.Pin17=PA7
Mcu.Pin18=PC4
Mcu.Pin19=PC5
Mcu.Pin2=PF6
Mcu.Pin20=PB0
Mcu.Pin21=PB1
Mcu.Pin22=PB2
Mcu.Pin23=PE7
Mcu.Pin24=PE8
Mcu.Pin25=PE9
Mcu.Pin26=PE10
Mcu.Pin27=PE11
Mcu.Pin28=PB10
Mcu.Pin29=PB11
Mcu.Pin3=PF7
Mcu.Pin30=PB12
Mcu.Pin31=PB13
Mcu.Pin32=PC8
Mcu.Pin33=PC9
Mcu.Pin34=PA11
Mcu.Pin35=PA12
Mcu.Pin36=PA13(JTMS/SWDIO)
Mcu.Pin37=PA14(JTCK/SWCLK)
Mcu.Pin38=PA15(JTDI)
Mcu.Pin39=PC10
Mcu.Pin4=PF8
Mcu.Pin40=PC11
Mcu.Pin41=PC12
Mcu.Pin42=PD2
Mcu.Pin43=PG11
Mcu.Pin44=PG12
Mcu.Pin45=PG13
Mcu.Pin46=PG14
Mcu.Pin47=PB3(JTDO/TRACESWO)
Mcu.Pin48=PB4(NJTRST)
Mcu.Pin49=PB5
Mcu.Pin5=PF9
Mcu.Pin50=VP_OCTOSPI1_VS_hyperbus_mx
Mcu.Pin51=VP_OCTOSPI2_VS_hyperbus_mx
Mcu.Pin52=VP_OCTOSPI2_VS_ospi2_mx_p1_30
Mcu.Pin53=VP_OCTOSPI2_VS_ospi2_mx_p1_74
Mcu.Pin54=VP_OCTOSPI2_VS_ospi2_mx_p1_dqs
Mcu.Pin55=VP_OCTOSPI2_VS_ospi2_mx_p1_clk
Mcu.Pin56=VP_RCC_USB
Mcu.Pin57=VP_SYS_VS_Systick
Mcu.Pin6=PF10
Mcu.Pin7=PH0-OSC_IN
Mcu.Pin8=PC0
Mcu.Pin9=PC1
Mcu.PinsNb=58
Mcu.ThirdPartyNb=0
Mcu.UserConstants=
Mcu.UserName=STM32H735ZGTx
MxCube.Version=6.0.1
MxDb.Version=DB.6.0.0
NVIC.BusFault_IRQn=true\:0\:0\:false\:false\:true\:false\:false
NVIC.DebugMonitor_IRQn=true\:0\:0\:false\:false\:true\:false\:false
NVIC.ForceEnableDMAVector=true
NVIC.HardFault_IRQn=true\:0\:0\:false\:false\:true\:false\:false
NVIC.MemoryManagement_IRQn=true\:0\:0\:false\:false\:true\:false\:false
NVIC.NonMaskableInt_IRQn=true\:0\:0\:false\:false\:true\:false\:false
NVIC.PendSV_IRQn=true\:0\:0\:false\:false\:true\:false\:false
NVIC.PriorityGroup=NVIC_PRIORITYGROUP_4
NVIC.SVCall_IRQn=true\:0\:0\:false\:false\:true\:false\:false
NVIC.SysTick_IRQn=true\:0\:0\:false\:false\:true\:false\:true
NVIC.UsageFault_IRQn=true\:0\:0\:false\:false\:true\:false\:false
PA1.Mode=RMII
PA1.Signal=ETH_REF_CLK
PA11.Mode=FDCANFD
PA11.Signal=FDCAN1_RX
PA12.Mode=FDCANFD
PA12.Signal=FDCAN1_TX
PA13(JTMS/SWDIO).Mode=JTAG_5_pins
PA13(JTMS/SWDIO).Signal=DEBUG_JTMS-SWDIO
PA14(JTCK/SWCLK).Mode=JTAG_5_pins
PA14(JTCK/SWCLK).Signal=DEBUG_JTCK-SWCLK
PA15(JTDI).Mode=JTAG_5_pins
PA15(JTDI).Signal=DEBUG_JTDI
PA2.Mode=RMII
PA2.Signal=ETH_MDIO
PA3.Mode=Device_HS
PA3.Signal=USB_OTG_HS_ULPI_D0
PA5.Mode=Device_HS
PA5.Signal=USB_OTG_HS_ULPI_CK
PA6.Mode=OCTOSPI1_IOL_Port1L_30_MX
PA6.Signal=OCTOSPIM_P1_IO3
PA7.Mode=RMII
PA7.Signal=ETH_CRS_DV
PB0.Mode=Device_HS
PB0.Signal=USB_OTG_HS_ULPI_D1
PB1.Mode=Device_HS
PB1.Signal=USB_OTG_HS_ULPI_D2
PB10.Mode=Device_HS
PB10.Signal=USB_OTG_HS_ULPI_D3
PB11.Mode=Device_HS
PB11.Signal=USB_OTG_HS_ULPI_D4
PB12.Mode=Device_HS
PB12.Signal=USB_OTG_HS_ULPI_D5
PB13.Mode=Device_HS
PB13.Signal=USB_OTG_HS_ULPI_D6
PB2.Mode=OCTOSPI1_Port1_DQS_MX
PB2.Signal=OCTOSPIM_P1_DQS
PB3(JTDO/TRACESWO).Mode=JTAG_5_pins
PB3(JTDO/TRACESWO).Signal=DEBUG_JTDO-SWO
PB4(NJTRST).Mode=JTAG_5_pins
PB4(NJTRST).Signal=DEBUG_JTRST
PB5.Mode=Device_HS
PB5.Signal=USB_OTG_HS_ULPI_D7
PC0.Mode=Device_HS
PC0.Signal=USB_OTG_HS_ULPI_STP
PC1.Mode=RMII
PC1.Signal=ETH_MDC
PC10.Mode=SD_4_bits_Wide_bus
PC10.Signal=SDMMC1_D2
PC11.Mode=SD_4_bits_Wide_bus
PC11.Signal=SDMMC1_D3
PC12.Mode=SD_4_bits_Wide_bus
PC12.Signal=SDMMC1_CK
PC14-OSC32_IN.Mode=LSE-External-Clock-Source
PC14-OSC32_IN.Signal=RCC_OSC32_IN
PC2_C.Mode=Device_HS
PC2_C.Signal=USB_OTG_HS_ULPI_DIR
PC3_C.Mode=Device_HS
PC3_C.Signal=USB_OTG_HS_ULPI_NXT
PC4.Mode=RMII
PC4.Signal=ETH_RXD0
PC5.Mode=RMII
PC5.Signal=ETH_RXD1
PC8.Mode=SD_4_bits_Wide_bus
PC8.Signal=SDMMC1_D0
PC9.Mode=SD_4_bits_Wide_bus
PC9.Signal=SDMMC1_D1
PD2.Mode=SD_4_bits_Wide_bus
PD2.Signal=SDMMC1_CMD
PE10.Mode=OCTOSPI1_IOH_Port1H_74_MX
PE10.Signal=OCTOSPIM_P1_IO7
PE11.Mode=OCTOSPI1_Port1_NCS
PE11.Signal=OCTOSPIM_P1_NCS
PE2.Mode=OCTOSPI1_IOL_Port1L_30_MX
PE2.Signal=OCTOSPIM_P1_IO2
PE7.Mode=OCTOSPI1_IOH_Port1H_74_MX
PE7.Signal=OCTOSPIM_P1_IO4
PE8.Mode=OCTOSPI1_IOH_Port1H_74_MX
PE8.Signal=OCTOSPIM_P1_IO5
PE9.Mode=OCTOSPI1_IOH_Port1H_74_MX
PE9.Signal=OCTOSPIM_P1_IO6
PF10.Mode=O1_P1_CLK_MX
PF10.Signal=OCTOSPIM_P1_CLK
PF6.Mode=FDCANFD
PF6.Signal=FDCAN3_RX
PF7.Mode=FDCANFD
PF7.Signal=FDCAN3_TX
PF8.Mode=OCTOSPI1_IOL_Port1L_30_MX
PF8.Signal=OCTOSPIM_P1_IO0
PF9.Mode=OCTOSPI1_IOL_Port1L_30_MX
PF9.Signal=OCTOSPIM_P1_IO1
PG11.Mode=RMII
PG11.Signal=ETH_TX_EN
PG12.Mode=OCTOSPI2_Port2_NCS
PG12.Signal=OCTOSPIM_P2_NCS
PG13.Mode=RMII
PG13.Signal=ETH_TXD0
PG14.Mode=RMII
PG14.Signal=ETH_TXD1
PH0-OSC_IN.Mode=HSE-External-Clock-Source
PH0-OSC_IN.Signal=RCC_OSC_IN
PinOutPanel.RotationAngle=0
ProjectManager.AskForMigrate=true
ProjectManager.BackupPrevious=false
ProjectManager.CompilerOptimize=6
ProjectManager.ComputerToolchain=false
ProjectManager.CoupleFile=false
ProjectManager.CustomerFirmwarePackage=
ProjectManager.DefaultFWLocation=true
ProjectManager.DeletePrevious=true
ProjectManager.DeviceId=STM32H735ZGTx
ProjectManager.FirmwarePackage=STM32Cube FW_H7 V1.8.0
ProjectManager.FreePins=false
ProjectManager.HalAssertFull=false
ProjectManager.HeapSize=0x200
ProjectManager.KeepUserCode=true
ProjectManager.LastFirmware=true
ProjectManager.LibraryCopy=1
ProjectManager.MainLocation=Core/Src
ProjectManager.NoMain=false
ProjectManager.PreviousToolchain=
ProjectManager.ProjectBuild=false
ProjectManager.ProjectFileName=firmwareA2.ioc
ProjectManager.ProjectName=firmwareA2
ProjectManager.RegisterCallBack=
ProjectManager.StackSize=0x400
ProjectManager.TargetToolchain=STM32CubeIDE
ProjectManager.ToolChainLocation=
ProjectManager.UnderRoot=true
ProjectManager.functionlistsort=1-MX_GPIO_Init-GPIO-false-HAL-true,2-SystemClock_Config-RCC-false-HAL-false,3-MX_FDCAN1_Init-FDCAN1-false-HAL-true,4-MX_FDCAN3_Init-FDCAN3-false-HAL-true,5-MX_USB_OTG_HS_PCD_Init-USB_OTG_HS-false-HAL-true,6-MX_ETH_Init-ETH-false-HAL-true,7-MX_OCTOSPI1_Init-OCTOSPI1-false-HAL-true,8-MX_OCTOSPI2_Init-OCTOSPI2-false-HAL-true,9-MX_SDMMC1_SD_Init-SDMMC1-false-HAL-true,0-MX_CORTEX_M7_Init-CORTEX_M7-false-HAL-true
RCC.ADCFreq_Value=96000000
RCC.AHB12Freq_Value=275000000
RCC.AHB4Freq_Value=275000000
RCC.APB1Freq_Value=137500000
RCC.APB2Freq_Value=137500000
RCC.APB3Freq_Value=137500000
RCC.APB4Freq_Value=137500000
RCC.AXIClockFreq_Value=275000000
RCC.CECFreq_Value=32000
RCC.CKPERFreq_Value=64000000
RCC.CortexFreq_Value=550000000
RCC.CpuClockFreq_Value=550000000
RCC.D1CPREFreq_Value=550000000
RCC.D1PPRE=RCC_APB3_DIV2
RCC.D2PPRE1=RCC_APB1_DIV2
RCC.D2PPRE2=RCC_APB2_DIV2
RCC.D3PPRE=RCC_APB4_DIV2
RCC.DFSDMACLkFreq_Value=183333333.33333334
RCC.DFSDMFreq_Value=137500000
RCC.DIVM1=1
RCC.DIVM2=1
RCC.DIVN1=68
RCC.DIVN2=24
RCC.DIVP1=1
RCC.DIVP1Freq_Value=550000000
RCC.DIVP2Freq_Value=96000000
RCC.DIVP3Freq_Value=16125000
RCC.DIVQ1=3
RCC.DIVQ1Freq_Value=183333333.33333334
RCC.DIVQ2Freq_Value=96000000
RCC.DIVQ3Freq_Value=16125000
RCC.DIVR1Freq_Value=275000000
RCC.DIVR2Freq_Value=96000000
RCC.DIVR3Freq_Value=16125000
RCC.FDCANCLockSelection=RCC_FDCANCLKSOURCE_PLL2
RCC.FDCANFreq_Value=96000000
RCC.FMCFreq_Value=275000000
RCC.FamilyName=M
RCC.HCLK3ClockFreq_Value=275000000
RCC.HCLKFreq_Value=275000000
RCC.HPRE=RCC_HCLK_DIV2
RCC.HSE_VALUE=8000000
RCC.I2C123Freq_Value=137500000
RCC.I2C4Freq_Value=137500000
RCC.IPParameters=ADCFreq_Value,AHB12Freq_Value,AHB4Freq_Value,APB1Freq_Value,APB2Freq_Value,APB3Freq_Value,APB4Freq_Value,AXIClockFreq_Value,CECFreq_Value,CKPERFreq_Value,CortexFreq_Value,CpuClockFreq_Value,D1CPREFreq_Value,D1PPRE,D2PPRE1,D2PPRE2,D3PPRE,DFSDMACLkFreq_Value,DFSDMFreq_Value,DIVM1,DIVM2,DIVN1,DIVN2,DIVP1,DIVP1Freq_Value,DIVP2Freq_Value,DIVP3Freq_Value,DIVQ1,DIVQ1Freq_Value,DIVQ2Freq_Value,DIVQ3Freq_Value,DIVR1Freq_Value,DIVR2Freq_Value,DIVR3Freq_Value,FDCANCLockSelection,FDCANFreq_Value,FMCFreq_Value,FamilyName,HCLK3ClockFreq_Value,HCLKFreq_Value,HPRE,HSE_VALUE,I2C123Freq_Value,I2C4Freq_Value,LPTIM1Freq_Value,LPTIM2Freq_Value,LPTIM345Freq_Value,LPUART1Freq_Value,LTDCFreq_Value,MCO1PinFreq_Value,MCO2PinFreq_Value,PLL2FRACN,PLL3FRACN,PLLFRACN,PLLSourceVirtual,QSPIFreq_Value,RNGFreq_Value,RTCFreq_Value,SAI1Freq_Value,SAI4AFreq_Value,SAI4BFreq_Value,SDMMCFreq_Value,SPDIFRXFreq_Value,SPI123Freq_Value,SPI45Freq_Value,SPI6Freq_Value,SWPMI1Freq_Value,SYSCLKFreq_VALUE,SYSCLKSource,Tim1OutputFreq_Value,Tim2OutputFreq_Value,TraceFreq_Value,USART16Freq_Value,USART234578Freq_Value,USBCLockSelection,USBFreq_Value,VCO1OutputFreq_Value,VCO2OutputFreq_Value,VCO3OutputFreq_Value,VCOInput1Freq_Value,VCOInput2Freq_Value,VCOInput3Freq_Value
RCC.LPTIM1Freq_Value=137500000
RCC.LPTIM2Freq_Value=137500000
RCC.LPTIM345Freq_Value=137500000
RCC.LPUART1Freq_Value=137500000
RCC.LTDCFreq_Value=16125000
RCC.MCO1PinFreq_Value=64000000
RCC.MCO2PinFreq_Value=550000000
RCC.PLL2FRACN=0
RCC.PLL3FRACN=0
RCC.PLLFRACN=6144
RCC.PLLSourceVirtual=RCC_PLLSOURCE_HSE
RCC.QSPIFreq_Value=275000000
RCC.RNGFreq_Value=48000000
RCC.RTCFreq_Value=32000
RCC.SAI1Freq_Value=183333333.33333334
RCC.SAI4AFreq_Value=183333333.33333334
RCC.SAI4BFreq_Value=183333333.33333334
RCC.SDMMCFreq_Value=183333333.33333334
RCC.SPDIFRXFreq_Value=183333333.33333334
RCC.SPI123Freq_Value=183333333.33333334
RCC.SPI45Freq_Value=137500000
RCC.SPI6Freq_Value=137500000
RCC.SWPMI1Freq_Value=137500000
RCC.SYSCLKFreq_VALUE=550000000
RCC.SYSCLKSource=RCC_SYSCLKSOURCE_PLLCLK
RCC.Tim1OutputFreq_Value=275000000
RCC.Tim2OutputFreq_Value=275000000
RCC.TraceFreq_Value=275000000
RCC.USART16Freq_Value=137500000
RCC.USART234578Freq_Value=137500000
RCC.USBCLockSelection=RCC_USBCLKSOURCE_HSI48
RCC.USBFreq_Value=48000000
RCC.VCO1OutputFreq_Value=550000000
RCC.VCO2OutputFreq_Value=192000000
RCC.VCO3OutputFreq_Value=32250000
RCC.VCOInput1Freq_Value=8000000
RCC.VCOInput2Freq_Value=8000000
RCC.VCOInput3Freq_Value=250000
USB_OTG_HS.IPParameters=VirtualMode-Device_HS
USB_OTG_HS.VirtualMode-Device_HS=Device_HS
VP_OCTOSPI1_VS_hyperbus_mx.Mode=hyperbus_mode_mx
VP_OCTOSPI1_VS_hyperbus_mx.Signal=OCTOSPI1_VS_hyperbus_mx
VP_OCTOSPI2_VS_hyperbus_mx.Mode=hyperbus_mode_mx
VP_OCTOSPI2_VS_hyperbus_mx.Signal=OCTOSPI2_VS_hyperbus_mx
VP_OCTOSPI2_VS_ospi2_mx_p1_30.Mode=OCTOSPI2_IOL_Port1L_30_MX
VP_OCTOSPI2_VS_ospi2_mx_p1_30.Signal=OCTOSPI2_VS_ospi2_mx_p1_30
VP_OCTOSPI2_VS_ospi2_mx_p1_74.Mode=OCTOSPI2_IOH_Port1H_74_MX
VP_OCTOSPI2_VS_ospi2_mx_p1_74.Signal=OCTOSPI2_VS_ospi2_mx_p1_74
VP_OCTOSPI2_VS_ospi2_mx_p1_clk.Mode=O2_P1_CLK_MX
VP_OCTOSPI2_VS_ospi2_mx_p1_clk.Signal=OCTOSPI2_VS_ospi2_mx_p1_clk
VP_OCTOSPI2_VS_ospi2_mx_p1_dqs.Mode=OCTOSPI2_Port1_DQS_MX
VP_OCTOSPI2_VS_ospi2_mx_p1_dqs.Signal=OCTOSPI2_VS_ospi2_mx_p1_dqs
VP_RCC_USB.Mode=USB_HS
VP_RCC_USB.Signal=RCC_USB
VP_SYS_VS_Systick.Mode=SysTick
VP_SYS_VS_Systick.Signal=SYS_VS_Systick
board=custom
